// !$*UTF8*$!
{
	archiveVersion = 1;
	classes = {
	};
	objectVersion = 51;
	objects = {

/* Begin PBXBuildFile section */
		361F6EFC24937DE3006DA29E /* RoundedViews.swift in Sources */ = {isa = PBXBuildFile; fileRef = 361F6EFB24937DE3006DA29E /* RoundedViews.swift */; };
		3626F77E249A628700365252 /* ProductsVC.swift in Sources */ = {isa = PBXBuildFile; fileRef = 3626F77D249A628700365252 /* ProductsVC.swift */; };
		3626F77F249A62B500365252 /* ProductsVC.swift in Sources */ = {isa = PBXBuildFile; fileRef = 3626F77D249A628700365252 /* ProductsVC.swift */; };
		3626F781249A63F800365252 /* Product.swift in Sources */ = {isa = PBXBuildFile; fileRef = 3626F780249A63F800365252 /* Product.swift */; };
		3626F782249A63F800365252 /* Product.swift in Sources */ = {isa = PBXBuildFile; fileRef = 3626F780249A63F800365252 /* Product.swift */; };
		363306A524B87969008614C0 /* CheckoutVC.swift in Sources */ = {isa = PBXBuildFile; fileRef = 363306A424B87969008614C0 /* CheckoutVC.swift */; };
		363306A824B883DF008614C0 /* CartItemCell.swift in Sources */ = {isa = PBXBuildFile; fileRef = 363306A624B883DF008614C0 /* CartItemCell.swift */; };
		363306A924B883DF008614C0 /* CartItemCell.xib in Resources */ = {isa = PBXBuildFile; fileRef = 363306A724B883DF008614C0 /* CartItemCell.xib */; };
		363306AA24B883E9008614C0 /* CartItemCell.swift in Sources */ = {isa = PBXBuildFile; fileRef = 363306A624B883DF008614C0 /* CartItemCell.swift */; };
		363306AC24B88B20008614C0 /* StripeCart.swift in Sources */ = {isa = PBXBuildFile; fileRef = 363306AB24B88B20008614C0 /* StripeCart.swift */; };
		36437F7A24B1DF2C0087FF0C /* UserService.swift in Sources */ = {isa = PBXBuildFile; fileRef = 36437F7924B1DF2C0087FF0C /* UserService.swift */; };
		36576763249237B500C78A8F /* LoginVC.swift in Sources */ = {isa = PBXBuildFile; fileRef = 36576762249237B500C78A8F /* LoginVC.swift */; };
		36576765249237CF00C78A8F /* RegisterVC.swift in Sources */ = {isa = PBXBuildFile; fileRef = 36576764249237CF00C78A8F /* RegisterVC.swift */; };
		36576769249243B500C78A8F /* Extensions.swift in Sources */ = {isa = PBXBuildFile; fileRef = 36576768249243B500C78A8F /* Extensions.swift */; };
		3657676B2492796900C78A8F /* Constants.swift in Sources */ = {isa = PBXBuildFile; fileRef = 3657676A2492796900C78A8F /* Constants.swift */; };
		3659EB2724A9F591007CBC20 /* RoundedViews.swift in Sources */ = {isa = PBXBuildFile; fileRef = 361F6EFB24937DE3006DA29E /* RoundedViews.swift */; };
		3659EB2824A9F5BF007CBC20 /* Constants.swift in Sources */ = {isa = PBXBuildFile; fileRef = 3657676A2492796900C78A8F /* Constants.swift */; };
		3659EB2924A9F83F007CBC20 /* Extensions.swift in Sources */ = {isa = PBXBuildFile; fileRef = 36576768249243B500C78A8F /* Extensions.swift */; };
		3659EB2A24A9F871007CBC20 /* ProductDetailVC.swift in Sources */ = {isa = PBXBuildFile; fileRef = 3667CAEF24A4B38200D2630C /* ProductDetailVC.swift */; };
		3659EB2B24A9F87A007CBC20 /* ProductDetailVC.xib in Resources */ = {isa = PBXBuildFile; fileRef = 3667CAF024A4B38200D2630C /* ProductDetailVC.xib */; };
		3659EB2E24A9FCBD007CBC20 /* AddEditCategoryVC.swift in Sources */ = {isa = PBXBuildFile; fileRef = 3659EB2D24A9FCBD007CBC20 /* AddEditCategoryVC.swift */; };
		3660389F24AB4E2200D1060D /* AdminProductsVC.swift in Sources */ = {isa = PBXBuildFile; fileRef = 3660389E24AB4E2200D1060D /* AdminProductsVC.swift */; };
		366038A124AB543E00D1060D /* AddEditProductsVC.swift in Sources */ = {isa = PBXBuildFile; fileRef = 366038A024AB543E00D1060D /* AddEditProductsVC.swift */; };
		36623714249A217C005C6459 /* Firebase+Utils.swift in Sources */ = {isa = PBXBuildFile; fileRef = 36623713249A217C005C6459 /* Firebase+Utils.swift */; };
		36623715249A23E3005C6459 /* Firebase+Utils.swift in Sources */ = {isa = PBXBuildFile; fileRef = 36623713249A217C005C6459 /* Firebase+Utils.swift */; };
		36623717249A333C005C6459 /* Category.swift in Sources */ = {isa = PBXBuildFile; fileRef = 36623716249A333C005C6459 /* Category.swift */; };
		36623718249A3344005C6459 /* Category.swift in Sources */ = {isa = PBXBuildFile; fileRef = 36623716249A333C005C6459 /* Category.swift */; };
		3662371B249A35AB005C6459 /* CategoryCell.swift in Sources */ = {isa = PBXBuildFile; fileRef = 36623719249A35AB005C6459 /* CategoryCell.swift */; };
		3662371C249A35AB005C6459 /* CategoryCell.swift in Sources */ = {isa = PBXBuildFile; fileRef = 36623719249A35AB005C6459 /* CategoryCell.swift */; };
		3662371D249A35AB005C6459 /* CategoryCell.xib in Resources */ = {isa = PBXBuildFile; fileRef = 3662371A249A35AB005C6459 /* CategoryCell.xib */; };
		3662371E249A35AB005C6459 /* CategoryCell.xib in Resources */ = {isa = PBXBuildFile; fileRef = 3662371A249A35AB005C6459 /* CategoryCell.xib */; };
		366508A824A0AD7E005E7869 /* ProductCell.swift in Sources */ = {isa = PBXBuildFile; fileRef = 366508A624A0AD7E005E7869 /* ProductCell.swift */; };
		366508A924A0AD7E005E7869 /* ProductCell.swift in Sources */ = {isa = PBXBuildFile; fileRef = 366508A624A0AD7E005E7869 /* ProductCell.swift */; };
		366508AA24A0AD7E005E7869 /* ProductCell.xib in Resources */ = {isa = PBXBuildFile; fileRef = 366508A724A0AD7E005E7869 /* ProductCell.xib */; };
		366508AB24A0AD7E005E7869 /* ProductCell.xib in Resources */ = {isa = PBXBuildFile; fileRef = 366508A724A0AD7E005E7869 /* ProductCell.xib */; };
		3667CAF124A4B38200D2630C /* ProductDetailVC.swift in Sources */ = {isa = PBXBuildFile; fileRef = 3667CAEF24A4B38200D2630C /* ProductDetailVC.swift */; };
		3667CAF224A4B38200D2630C /* ProductDetailVC.xib in Resources */ = {isa = PBXBuildFile; fileRef = 3667CAF024A4B38200D2630C /* ProductDetailVC.xib */; };
		366B74CB24910D2900F2B026 /* AppDelegate.swift in Sources */ = {isa = PBXBuildFile; fileRef = 366B74CA24910D2900F2B026 /* AppDelegate.swift */; };
		366B74CD24910D2900F2B026 /* SceneDelegate.swift in Sources */ = {isa = PBXBuildFile; fileRef = 366B74CC24910D2900F2B026 /* SceneDelegate.swift */; };
		366B74CF24910D2900F2B026 /* HomeVC.swift in Sources */ = {isa = PBXBuildFile; fileRef = 366B74CE24910D2900F2B026 /* HomeVC.swift */; };
		366B74D224910D2900F2B026 /* Main.storyboard in Resources */ = {isa = PBXBuildFile; fileRef = 366B74D024910D2900F2B026 /* Main.storyboard */; };
		366B74D424910D2A00F2B026 /* Assets.xcassets in Resources */ = {isa = PBXBuildFile; fileRef = 366B74D324910D2A00F2B026 /* Assets.xcassets */; };
		366B74D724910D2A00F2B026 /* LaunchScreen.storyboard in Resources */ = {isa = PBXBuildFile; fileRef = 366B74D524910D2A00F2B026 /* LaunchScreen.storyboard */; };
		366B74E524910D7D00F2B026 /* AppDelegate.swift in Sources */ = {isa = PBXBuildFile; fileRef = 366B74E424910D7D00F2B026 /* AppDelegate.swift */; };
		366B74E724910D7D00F2B026 /* SceneDelegate.swift in Sources */ = {isa = PBXBuildFile; fileRef = 366B74E624910D7D00F2B026 /* SceneDelegate.swift */; };
		366B74E924910D7D00F2B026 /* AdminHomeVC.swift in Sources */ = {isa = PBXBuildFile; fileRef = 366B74E824910D7D00F2B026 /* AdminHomeVC.swift */; };
		366B74EC24910D7D00F2B026 /* Main.storyboard in Resources */ = {isa = PBXBuildFile; fileRef = 366B74EA24910D7D00F2B026 /* Main.storyboard */; };
		366B74F124910D7E00F2B026 /* LaunchScreen.storyboard in Resources */ = {isa = PBXBuildFile; fileRef = 366B74EF24910D7E00F2B026 /* LaunchScreen.storyboard */; };
		366B74F624910D8D00F2B026 /* Assets.xcassets in Resources */ = {isa = PBXBuildFile; fileRef = 366B74D324910D2A00F2B026 /* Assets.xcassets */; };
		3684408F24AF7AB400B1023A /* User.swift in Sources */ = {isa = PBXBuildFile; fileRef = 3684408E24AF7AB400B1023A /* User.swift */; };
		3695620E24BDAD12008594BB /* StripeAPI.swift in Sources */ = {isa = PBXBuildFile; fileRef = 3695620D24BDAD12008594BB /* StripeAPI.swift */; };
		36D9332B249910ED0082C420 /* ForgotPasswordVC.swift in Sources */ = {isa = PBXBuildFile; fileRef = 36D93329249910ED0082C420 /* ForgotPasswordVC.swift */; };
		36D9332C249910ED0082C420 /* ForgotPasswordVC.xib in Resources */ = {isa = PBXBuildFile; fileRef = 36D9332A249910ED0082C420 /* ForgotPasswordVC.xib */; };
		36DE79E9249128BA001ABE85 /* LoginStoryboard.storyboard in Resources */ = {isa = PBXBuildFile; fileRef = 36DE79E8249128BA001ABE85 /* LoginStoryboard.storyboard */; };
		36DE79EB24912C7C001ABE85 /* GoogleService-Info.plist in Resources */ = {isa = PBXBuildFile; fileRef = 36DE79EA24912C7C001ABE85 /* GoogleService-Info.plist */; };
		36DE79ED24912E26001ABE85 /* GoogleService-Info.plist in Resources */ = {isa = PBXBuildFile; fileRef = 36DE79EC24912E26001ABE85 /* GoogleService-Info.plist */; };
		36E6DF6824A9F3AB00067878 /* HomeVC.swift in Sources */ = {isa = PBXBuildFile; fileRef = 366B74CE24910D2900F2B026 /* HomeVC.swift */; };
		7AFD33D60B0721233CCFFBD5 /* Pods_Artable.framework in Frameworks */ = {isa = PBXBuildFile; fileRef = 18F926C895DF05A626091FD9 /* Pods_Artable.framework */; };
		93DD76A53A561040AFA8F407 /* Pods_ArtableAdmin.framework in Frameworks */ = {isa = PBXBuildFile; fileRef = A558FED931819629448EF893 /* Pods_ArtableAdmin.framework */; };
/* End PBXBuildFile section */

/* Begin PBXFileReference section */
		18F926C895DF05A626091FD9 /* Pods_Artable.framework */ = {isa = PBXFileReference; explicitFileType = wrapper.framework; includeInIndex = 0; path = Pods_Artable.framework; sourceTree = BUILT_PRODUCTS_DIR; };
		2539C5356D71257689BFB727 /* Pods-Artable.debug.xcconfig */ = {isa = PBXFileReference; includeInIndex = 1; lastKnownFileType = text.xcconfig; name = "Pods-Artable.debug.xcconfig"; path = "Pods/Target Support Files/Pods-Artable/Pods-Artable.debug.xcconfig"; sourceTree = "<group>"; };
		361F6EFB24937DE3006DA29E /* RoundedViews.swift */ = {isa = PBXFileReference; lastKnownFileType = sourcecode.swift; path = RoundedViews.swift; sourceTree = "<group>"; };
		3626F77D249A628700365252 /* ProductsVC.swift */ = {isa = PBXFileReference; lastKnownFileType = sourcecode.swift; path = ProductsVC.swift; sourceTree = "<group>"; };
		3626F780249A63F800365252 /* Product.swift */ = {isa = PBXFileReference; lastKnownFileType = sourcecode.swift; path = Product.swift; sourceTree = "<group>"; };
		363306A424B87969008614C0 /* CheckoutVC.swift */ = {isa = PBXFileReference; lastKnownFileType = sourcecode.swift; path = CheckoutVC.swift; sourceTree = "<group>"; };
		363306A624B883DF008614C0 /* CartItemCell.swift */ = {isa = PBXFileReference; lastKnownFileType = sourcecode.swift; path = CartItemCell.swift; sourceTree = "<group>"; };
		363306A724B883DF008614C0 /* CartItemCell.xib */ = {isa = PBXFileReference; lastKnownFileType = file.xib; path = CartItemCell.xib; sourceTree = "<group>"; };
		363306AB24B88B20008614C0 /* StripeCart.swift */ = {isa = PBXFileReference; lastKnownFileType = sourcecode.swift; path = StripeCart.swift; sourceTree = "<group>"; };
		36437F7924B1DF2C0087FF0C /* UserService.swift */ = {isa = PBXFileReference; lastKnownFileType = sourcecode.swift; path = UserService.swift; sourceTree = "<group>"; };
		36576762249237B500C78A8F /* LoginVC.swift */ = {isa = PBXFileReference; lastKnownFileType = sourcecode.swift; path = LoginVC.swift; sourceTree = "<group>"; };
		36576764249237CF00C78A8F /* RegisterVC.swift */ = {isa = PBXFileReference; lastKnownFileType = sourcecode.swift; path = RegisterVC.swift; sourceTree = "<group>"; };
		36576768249243B500C78A8F /* Extensions.swift */ = {isa = PBXFileReference; lastKnownFileType = sourcecode.swift; path = Extensions.swift; sourceTree = "<group>"; };
		3657676A2492796900C78A8F /* Constants.swift */ = {isa = PBXFileReference; lastKnownFileType = sourcecode.swift; path = Constants.swift; sourceTree = "<group>"; };
		3659EB2D24A9FCBD007CBC20 /* AddEditCategoryVC.swift */ = {isa = PBXFileReference; lastKnownFileType = sourcecode.swift; path = AddEditCategoryVC.swift; sourceTree = "<group>"; };
		3660389E24AB4E2200D1060D /* AdminProductsVC.swift */ = {isa = PBXFileReference; lastKnownFileType = sourcecode.swift; path = AdminProductsVC.swift; sourceTree = "<group>"; };
		366038A024AB543E00D1060D /* AddEditProductsVC.swift */ = {isa = PBXFileReference; lastKnownFileType = sourcecode.swift; path = AddEditProductsVC.swift; sourceTree = "<group>"; };
		36623713249A217C005C6459 /* Firebase+Utils.swift */ = {isa = PBXFileReference; lastKnownFileType = sourcecode.swift; path = "Firebase+Utils.swift"; sourceTree = "<group>"; };
		36623716249A333C005C6459 /* Category.swift */ = {isa = PBXFileReference; lastKnownFileType = sourcecode.swift; path = Category.swift; sourceTree = "<group>"; };
		36623719249A35AB005C6459 /* CategoryCell.swift */ = {isa = PBXFileReference; lastKnownFileType = sourcecode.swift; path = CategoryCell.swift; sourceTree = "<group>"; };
		3662371A249A35AB005C6459 /* CategoryCell.xib */ = {isa = PBXFileReference; lastKnownFileType = file.xib; path = CategoryCell.xib; sourceTree = "<group>"; };
		366508A624A0AD7E005E7869 /* ProductCell.swift */ = {isa = PBXFileReference; lastKnownFileType = sourcecode.swift; path = ProductCell.swift; sourceTree = "<group>"; };
		366508A724A0AD7E005E7869 /* ProductCell.xib */ = {isa = PBXFileReference; lastKnownFileType = file.xib; path = ProductCell.xib; sourceTree = "<group>"; };
		3667CAEF24A4B38200D2630C /* ProductDetailVC.swift */ = {isa = PBXFileReference; lastKnownFileType = sourcecode.swift; path = ProductDetailVC.swift; sourceTree = "<group>"; };
		3667CAF024A4B38200D2630C /* ProductDetailVC.xib */ = {isa = PBXFileReference; lastKnownFileType = file.xib; path = ProductDetailVC.xib; sourceTree = "<group>"; };
		366B74C724910D2900F2B026 /* Artable.app */ = {isa = PBXFileReference; explicitFileType = wrapper.application; includeInIndex = 0; path = Artable.app; sourceTree = BUILT_PRODUCTS_DIR; };
		366B74CA24910D2900F2B026 /* AppDelegate.swift */ = {isa = PBXFileReference; lastKnownFileType = sourcecode.swift; path = AppDelegate.swift; sourceTree = "<group>"; };
		366B74CC24910D2900F2B026 /* SceneDelegate.swift */ = {isa = PBXFileReference; lastKnownFileType = sourcecode.swift; path = SceneDelegate.swift; sourceTree = "<group>"; };
		366B74CE24910D2900F2B026 /* HomeVC.swift */ = {isa = PBXFileReference; lastKnownFileType = sourcecode.swift; path = HomeVC.swift; sourceTree = "<group>"; };
		366B74D124910D2900F2B026 /* Base */ = {isa = PBXFileReference; lastKnownFileType = file.storyboard; name = Base; path = Base.lproj/Main.storyboard; sourceTree = "<group>"; };
		366B74D324910D2A00F2B026 /* Assets.xcassets */ = {isa = PBXFileReference; lastKnownFileType = folder.assetcatalog; path = Assets.xcassets; sourceTree = "<group>"; };
		366B74D624910D2A00F2B026 /* Base */ = {isa = PBXFileReference; lastKnownFileType = file.storyboard; name = Base; path = Base.lproj/LaunchScreen.storyboard; sourceTree = "<group>"; };
		366B74D824910D2A00F2B026 /* Info.plist */ = {isa = PBXFileReference; lastKnownFileType = text.plist.xml; path = Info.plist; sourceTree = "<group>"; };
		366B74E224910D7D00F2B026 /* ArtableAdmin.app */ = {isa = PBXFileReference; explicitFileType = wrapper.application; includeInIndex = 0; path = ArtableAdmin.app; sourceTree = BUILT_PRODUCTS_DIR; };
		366B74E424910D7D00F2B026 /* AppDelegate.swift */ = {isa = PBXFileReference; lastKnownFileType = sourcecode.swift; path = AppDelegate.swift; sourceTree = "<group>"; };
		366B74E624910D7D00F2B026 /* SceneDelegate.swift */ = {isa = PBXFileReference; lastKnownFileType = sourcecode.swift; path = SceneDelegate.swift; sourceTree = "<group>"; };
		366B74E824910D7D00F2B026 /* AdminHomeVC.swift */ = {isa = PBXFileReference; lastKnownFileType = sourcecode.swift; path = AdminHomeVC.swift; sourceTree = "<group>"; };
		366B74EB24910D7D00F2B026 /* Base */ = {isa = PBXFileReference; lastKnownFileType = file.storyboard; name = Base; path = Base.lproj/Main.storyboard; sourceTree = "<group>"; };
		366B74F024910D7E00F2B026 /* Base */ = {isa = PBXFileReference; lastKnownFileType = file.storyboard; name = Base; path = Base.lproj/LaunchScreen.storyboard; sourceTree = "<group>"; };
		366B74F224910D7E00F2B026 /* Info.plist */ = {isa = PBXFileReference; lastKnownFileType = text.plist.xml; path = Info.plist; sourceTree = "<group>"; };
		3684408E24AF7AB400B1023A /* User.swift */ = {isa = PBXFileReference; lastKnownFileType = sourcecode.swift; path = User.swift; sourceTree = "<group>"; };
		3695620D24BDAD12008594BB /* StripeAPI.swift */ = {isa = PBXFileReference; lastKnownFileType = sourcecode.swift; path = StripeAPI.swift; sourceTree = "<group>"; };
		36D93329249910ED0082C420 /* ForgotPasswordVC.swift */ = {isa = PBXFileReference; lastKnownFileType = sourcecode.swift; path = ForgotPasswordVC.swift; sourceTree = "<group>"; };
		36D9332A249910ED0082C420 /* ForgotPasswordVC.xib */ = {isa = PBXFileReference; lastKnownFileType = file.xib; path = ForgotPasswordVC.xib; sourceTree = "<group>"; };
		36DE79E8249128BA001ABE85 /* LoginStoryboard.storyboard */ = {isa = PBXFileReference; lastKnownFileType = file.storyboard; path = LoginStoryboard.storyboard; sourceTree = "<group>"; };
		36DE79EA24912C7C001ABE85 /* GoogleService-Info.plist */ = {isa = PBXFileReference; fileEncoding = 4; lastKnownFileType = text.plist.xml; path = "GoogleService-Info.plist"; sourceTree = "<group>"; };
		36DE79EC24912E26001ABE85 /* GoogleService-Info.plist */ = {isa = PBXFileReference; fileEncoding = 4; lastKnownFileType = text.plist.xml; path = "GoogleService-Info.plist"; sourceTree = "<group>"; };
		5F22100A3D5695D6108A9FD2 /* Pods-ArtableAdmin.release.xcconfig */ = {isa = PBXFileReference; includeInIndex = 1; lastKnownFileType = text.xcconfig; name = "Pods-ArtableAdmin.release.xcconfig"; path = "Pods/Target Support Files/Pods-ArtableAdmin/Pods-ArtableAdmin.release.xcconfig"; sourceTree = "<group>"; };
		9928E38BF0500CA62869203E /* Pods-ArtableAdmin.debug.xcconfig */ = {isa = PBXFileReference; includeInIndex = 1; lastKnownFileType = text.xcconfig; name = "Pods-ArtableAdmin.debug.xcconfig"; path = "Pods/Target Support Files/Pods-ArtableAdmin/Pods-ArtableAdmin.debug.xcconfig"; sourceTree = "<group>"; };
		A558FED931819629448EF893 /* Pods_ArtableAdmin.framework */ = {isa = PBXFileReference; explicitFileType = wrapper.framework; includeInIndex = 0; path = Pods_ArtableAdmin.framework; sourceTree = BUILT_PRODUCTS_DIR; };
		ADB255E38D419BA0F8A14111 /* Pods-Artable.release.xcconfig */ = {isa = PBXFileReference; includeInIndex = 1; lastKnownFileType = text.xcconfig; name = "Pods-Artable.release.xcconfig"; path = "Pods/Target Support Files/Pods-Artable/Pods-Artable.release.xcconfig"; sourceTree = "<group>"; };
/* End PBXFileReference section */

/* Begin PBXFrameworksBuildPhase section */
		366B74C424910D2900F2B026 /* Frameworks */ = {
			isa = PBXFrameworksBuildPhase;
			buildActionMask = 2147483647;
			files = (
				7AFD33D60B0721233CCFFBD5 /* Pods_Artable.framework in Frameworks */,
			);
			runOnlyForDeploymentPostprocessing = 0;
		};
		366B74DF24910D7D00F2B026 /* Frameworks */ = {
			isa = PBXFrameworksBuildPhase;
			buildActionMask = 2147483647;
			files = (
				93DD76A53A561040AFA8F407 /* Pods_ArtableAdmin.framework in Frameworks */,
			);
			runOnlyForDeploymentPostprocessing = 0;
		};
/* End PBXFrameworksBuildPhase section */

/* Begin PBXGroup section */
		361F6EFA24937DC2006DA29E /* Views */ = {
			isa = PBXGroup;
			children = (
				361F6EFB24937DE3006DA29E /* RoundedViews.swift */,
				36623719249A35AB005C6459 /* CategoryCell.swift */,
				366508A624A0AD7E005E7869 /* ProductCell.swift */,
				363306A624B883DF008614C0 /* CartItemCell.swift */,
			);
			path = Views;
			sourceTree = "<group>";
		};
		36437F7824B1DE840087FF0C /* Services */ = {
			isa = PBXGroup;
			children = (
				36437F7924B1DF2C0087FF0C /* UserService.swift */,
			);
			path = Services;
			sourceTree = "<group>";
		};
		3657675E24922A3600C78A8F /* Controller */ = {
			isa = PBXGroup;
			children = (
				366508AC24A0B6A3005E7869 /* Main */,
				3626F77D249A628700365252 /* ProductsVC.swift */,
				363306A424B87969008614C0 /* CheckoutVC.swift */,
				366B74CA24910D2900F2B026 /* AppDelegate.swift */,
				366B74CC24910D2900F2B026 /* SceneDelegate.swift */,
			);
			path = Controller;
			sourceTree = "<group>";
		};
		3657675F24922A3C00C78A8F /* Stripe */ = {
			isa = PBXGroup;
			children = (
				363306AB24B88B20008614C0 /* StripeCart.swift */,
				3695620D24BDAD12008594BB /* StripeAPI.swift */,
			);
			path = Stripe;
			sourceTree = "<group>";
		};
		3657676024922A4100C78A8F /* Model */ = {
			isa = PBXGroup;
			children = (
				36623716249A333C005C6459 /* Category.swift */,
				3626F780249A63F800365252 /* Product.swift */,
				3684408E24AF7AB400B1023A /* User.swift */,
			);
			path = Model;
			sourceTree = "<group>";
		};
		3657676124922A4600C78A8F /* Storyboards */ = {
			isa = PBXGroup;
			children = (
				366B74D024910D2900F2B026 /* Main.storyboard */,
				36DE79E8249128BA001ABE85 /* LoginStoryboard.storyboard */,
				366B74D524910D2A00F2B026 /* LaunchScreen.storyboard */,
			);
			path = Storyboards;
			sourceTree = "<group>";
		};
		365767662492435800C78A8F /* Shared */ = {
			isa = PBXGroup;
			children = (
				3662371F249A35FB005C6459 /* Xibx */,
				3657676024922A4100C78A8F /* Model */,
				361F6EFA24937DC2006DA29E /* Views */,
				365767672492438800C78A8F /* Utilities */,
				366B74D324910D2A00F2B026 /* Assets.xcassets */,
			);
			path = Shared;
			sourceTree = "<group>";
		};
		365767672492438800C78A8F /* Utilities */ = {
			isa = PBXGroup;
			children = (
				36576768249243B500C78A8F /* Extensions.swift */,
				3657676A2492796900C78A8F /* Constants.swift */,
				36623713249A217C005C6459 /* Firebase+Utils.swift */,
			);
			path = Utilities;
			sourceTree = "<group>";
		};
		3659EB2C24A9FC60007CBC20 /* Controller */ = {
			isa = PBXGroup;
			children = (
				3660389E24AB4E2200D1060D /* AdminProductsVC.swift */,
				366B74E824910D7D00F2B026 /* AdminHomeVC.swift */,
				3659EB2D24A9FCBD007CBC20 /* AddEditCategoryVC.swift */,
				366038A024AB543E00D1060D /* AddEditProductsVC.swift */,
			);
			path = Controller;
			sourceTree = "<group>";
		};
		3662371F249A35FB005C6459 /* Xibx */ = {
			isa = PBXGroup;
			children = (
				3662371A249A35AB005C6459 /* CategoryCell.xib */,
				366508A724A0AD7E005E7869 /* ProductCell.xib */,
				363306A724B883DF008614C0 /* CartItemCell.xib */,
			);
			path = Xibx;
			sourceTree = "<group>";
		};
		366508AC24A0B6A3005E7869 /* Main */ = {
			isa = PBXGroup;
			children = (
				366B74CE24910D2900F2B026 /* HomeVC.swift */,
				36576762249237B500C78A8F /* LoginVC.swift */,
				36576764249237CF00C78A8F /* RegisterVC.swift */,
			);
			path = Main;
			sourceTree = "<group>";
		};
		366B74BE24910D2900F2B026 = {
			isa = PBXGroup;
			children = (
				365767662492435800C78A8F /* Shared */,
				366B74C924910D2900F2B026 /* Artable */,
				366B74E324910D7D00F2B026 /* ArtableAdmin */,
				366B74C824910D2900F2B026 /* Products */,
				9425B760EEA04B09518B67AD /* Pods */,
				5079F68F45BFF68F65C64D1A /* Frameworks */,
			);
			sourceTree = "<group>";
		};
		366B74C824910D2900F2B026 /* Products */ = {
			isa = PBXGroup;
			children = (
				366B74C724910D2900F2B026 /* Artable.app */,
				366B74E224910D7D00F2B026 /* ArtableAdmin.app */,
			);
			name = Products;
			sourceTree = "<group>";
		};
		366B74C924910D2900F2B026 /* Artable */ = {
			isa = PBXGroup;
			children = (
				3657675F24922A3C00C78A8F /* Stripe */,
				36437F7824B1DE840087FF0C /* Services */,
				3657675E24922A3600C78A8F /* Controller */,
				36D933282499108B0082C420 /* XIBs */,
				3657676124922A4600C78A8F /* Storyboards */,
				36DE79EA24912C7C001ABE85 /* GoogleService-Info.plist */,
				366B74D824910D2A00F2B026 /* Info.plist */,
			);
			path = Artable;
			sourceTree = "<group>";
		};
		366B74E324910D7D00F2B026 /* ArtableAdmin */ = {
			isa = PBXGroup;
			children = (
				3659EB2C24A9FC60007CBC20 /* Controller */,
				366B74E424910D7D00F2B026 /* AppDelegate.swift */,
				366B74E624910D7D00F2B026 /* SceneDelegate.swift */,
				366B74EA24910D7D00F2B026 /* Main.storyboard */,
				366B74EF24910D7E00F2B026 /* LaunchScreen.storyboard */,
				366B74F224910D7E00F2B026 /* Info.plist */,
				36DE79EC24912E26001ABE85 /* GoogleService-Info.plist */,
			);
			path = ArtableAdmin;
			sourceTree = "<group>";
		};
		36D933282499108B0082C420 /* XIBs */ = {
			isa = PBXGroup;
			children = (
				36D93329249910ED0082C420 /* ForgotPasswordVC.swift */,
				36D9332A249910ED0082C420 /* ForgotPasswordVC.xib */,
				3667CAEF24A4B38200D2630C /* ProductDetailVC.swift */,
				3667CAF024A4B38200D2630C /* ProductDetailVC.xib */,
			);
			path = XIBs;
			sourceTree = "<group>";
		};
		5079F68F45BFF68F65C64D1A /* Frameworks */ = {
			isa = PBXGroup;
			children = (
				18F926C895DF05A626091FD9 /* Pods_Artable.framework */,
				A558FED931819629448EF893 /* Pods_ArtableAdmin.framework */,
			);
			name = Frameworks;
			sourceTree = "<group>";
		};
		9425B760EEA04B09518B67AD /* Pods */ = {
			isa = PBXGroup;
			children = (
				2539C5356D71257689BFB727 /* Pods-Artable.debug.xcconfig */,
				ADB255E38D419BA0F8A14111 /* Pods-Artable.release.xcconfig */,
				9928E38BF0500CA62869203E /* Pods-ArtableAdmin.debug.xcconfig */,
				5F22100A3D5695D6108A9FD2 /* Pods-ArtableAdmin.release.xcconfig */,
			);
			name = Pods;
			sourceTree = "<group>";
		};
/* End PBXGroup section */

/* Begin PBXNativeTarget section */
		366B74C624910D2900F2B026 /* Artable */ = {
			isa = PBXNativeTarget;
			buildConfigurationList = 366B74DB24910D2A00F2B026 /* Build configuration list for PBXNativeTarget "Artable" */;
			buildPhases = (
				81A32B340C89C5F53F14186A /* [CP] Check Pods Manifest.lock */,
				366B74C324910D2900F2B026 /* Sources */,
				366B74C424910D2900F2B026 /* Frameworks */,
				366B74C524910D2900F2B026 /* Resources */,
				1631D057AD44583F58321EC2 /* [CP] Embed Pods Frameworks */,
			);
			buildRules = (
			);
			dependencies = (
			);
			name = Artable;
			productName = Artable;
			productReference = 366B74C724910D2900F2B026 /* Artable.app */;
			productType = "com.apple.product-type.application";
		};
		366B74E124910D7D00F2B026 /* ArtableAdmin */ = {
			isa = PBXNativeTarget;
			buildConfigurationList = 366B74F324910D7E00F2B026 /* Build configuration list for PBXNativeTarget "ArtableAdmin" */;
			buildPhases = (
				2CFAF7C4BB0C702B76EDDA8D /* [CP] Check Pods Manifest.lock */,
				366B74DE24910D7D00F2B026 /* Sources */,
				366B74DF24910D7D00F2B026 /* Frameworks */,
				366B74E024910D7D00F2B026 /* Resources */,
				8073F13CA335DA7844DCF2C6 /* [CP] Embed Pods Frameworks */,
			);
			buildRules = (
			);
			dependencies = (
			);
			name = ArtableAdmin;
			productName = ArtableAdmin;
			productReference = 366B74E224910D7D00F2B026 /* ArtableAdmin.app */;
			productType = "com.apple.product-type.application";
		};
/* End PBXNativeTarget section */

/* Begin PBXProject section */
		366B74BF24910D2900F2B026 /* Project object */ = {
			isa = PBXProject;
			attributes = {
				LastSwiftUpdateCheck = 1150;
				LastUpgradeCheck = 1150;
				ORGANIZATIONNAME = "Cristian Sedano Arenas";
				TargetAttributes = {
					366B74C624910D2900F2B026 = {
						CreatedOnToolsVersion = 11.5;
					};
					366B74E124910D7D00F2B026 = {
						CreatedOnToolsVersion = 11.5;
					};
				};
			};
			buildConfigurationList = 366B74C224910D2900F2B026 /* Build configuration list for PBXProject "Artable" */;
			compatibilityVersion = "Xcode 9.3";
			developmentRegion = en;
			hasScannedForEncodings = 0;
			knownRegions = (
				en,
				Base,
			);
			mainGroup = 366B74BE24910D2900F2B026;
			productRefGroup = 366B74C824910D2900F2B026 /* Products */;
			projectDirPath = "";
			projectRoot = "";
			targets = (
				366B74C624910D2900F2B026 /* Artable */,
				366B74E124910D7D00F2B026 /* ArtableAdmin */,
			);
		};
/* End PBXProject section */

/* Begin PBXResourcesBuildPhase section */
		366B74C524910D2900F2B026 /* Resources */ = {
			isa = PBXResourcesBuildPhase;
			buildActionMask = 2147483647;
			files = (
				36DE79E9249128BA001ABE85 /* LoginStoryboard.storyboard in Resources */,
				366508AA24A0AD7E005E7869 /* ProductCell.xib in Resources */,
				3662371D249A35AB005C6459 /* CategoryCell.xib in Resources */,
				366B74D724910D2A00F2B026 /* LaunchScreen.storyboard in Resources */,
				36DE79EB24912C7C001ABE85 /* GoogleService-Info.plist in Resources */,
				366B74D424910D2A00F2B026 /* Assets.xcassets in Resources */,
				3667CAF224A4B38200D2630C /* ProductDetailVC.xib in Resources */,
				36D9332C249910ED0082C420 /* ForgotPasswordVC.xib in Resources */,
				363306A924B883DF008614C0 /* CartItemCell.xib in Resources */,
				366B74D224910D2900F2B026 /* Main.storyboard in Resources */,
			);
			runOnlyForDeploymentPostprocessing = 0;
		};
		366B74E024910D7D00F2B026 /* Resources */ = {
			isa = PBXResourcesBuildPhase;
			buildActionMask = 2147483647;
			files = (
				3662371E249A35AB005C6459 /* CategoryCell.xib in Resources */,
				366B74F124910D7E00F2B026 /* LaunchScreen.storyboard in Resources */,
				36DE79ED24912E26001ABE85 /* GoogleService-Info.plist in Resources */,
				366508AB24A0AD7E005E7869 /* ProductCell.xib in Resources */,
				366B74F624910D8D00F2B026 /* Assets.xcassets in Resources */,
				366B74EC24910D7D00F2B026 /* Main.storyboard in Resources */,
				3659EB2B24A9F87A007CBC20 /* ProductDetailVC.xib in Resources */,
			);
			runOnlyForDeploymentPostprocessing = 0;
		};
/* End PBXResourcesBuildPhase section */

/* Begin PBXShellScriptBuildPhase section */
		1631D057AD44583F58321EC2 /* [CP] Embed Pods Frameworks */ = {
			isa = PBXShellScriptBuildPhase;
			buildActionMask = 2147483647;
			files = (
			);
			inputFileListPaths = (
				"${PODS_ROOT}/Target Support Files/Pods-Artable/Pods-Artable-frameworks-${CONFIGURATION}-input-files.xcfilelist",
			);
			name = "[CP] Embed Pods Frameworks";
			outputFileListPaths = (
				"${PODS_ROOT}/Target Support Files/Pods-Artable/Pods-Artable-frameworks-${CONFIGURATION}-output-files.xcfilelist",
			);
			runOnlyForDeploymentPostprocessing = 0;
			shellPath = /bin/sh;
			shellScript = "\"${PODS_ROOT}/Target Support Files/Pods-Artable/Pods-Artable-frameworks.sh\"\n";
			showEnvVarsInLog = 0;
		};
		2CFAF7C4BB0C702B76EDDA8D /* [CP] Check Pods Manifest.lock */ = {
			isa = PBXShellScriptBuildPhase;
			buildActionMask = 2147483647;
			files = (
			);
			inputPaths = (
				"${PODS_PODFILE_DIR_PATH}/Podfile.lock",
				"${PODS_ROOT}/Manifest.lock",
			);
			name = "[CP] Check Pods Manifest.lock";
			outputPaths = (
				"$(DERIVED_FILE_DIR)/Pods-ArtableAdmin-checkManifestLockResult.txt",
			);
			runOnlyForDeploymentPostprocessing = 0;
			shellPath = /bin/sh;
			shellScript = "diff \"${PODS_PODFILE_DIR_PATH}/Podfile.lock\" \"${PODS_ROOT}/Manifest.lock\" > /dev/null\nif [ $? != 0 ] ; then\n    # print error to STDERR\n    echo \"error: The sandbox is not in sync with the Podfile.lock. Run 'pod install' or update your CocoaPods installation.\" >&2\n    exit 1\nfi\n# This output is used by Xcode 'outputs' to avoid re-running this script phase.\necho \"SUCCESS\" > \"${SCRIPT_OUTPUT_FILE_0}\"\n";
			showEnvVarsInLog = 0;
		};
		8073F13CA335DA7844DCF2C6 /* [CP] Embed Pods Frameworks */ = {
			isa = PBXShellScriptBuildPhase;
			buildActionMask = 2147483647;
			files = (
			);
			inputFileListPaths = (
				"${PODS_ROOT}/Target Support Files/Pods-ArtableAdmin/Pods-ArtableAdmin-frameworks-${CONFIGURATION}-input-files.xcfilelist",
			);
			name = "[CP] Embed Pods Frameworks";
			outputFileListPaths = (
				"${PODS_ROOT}/Target Support Files/Pods-ArtableAdmin/Pods-ArtableAdmin-frameworks-${CONFIGURATION}-output-files.xcfilelist",
			);
			runOnlyForDeploymentPostprocessing = 0;
			shellPath = /bin/sh;
			shellScript = "\"${PODS_ROOT}/Target Support Files/Pods-ArtableAdmin/Pods-ArtableAdmin-frameworks.sh\"\n";
			showEnvVarsInLog = 0;
		};
		81A32B340C89C5F53F14186A /* [CP] Check Pods Manifest.lock */ = {
			isa = PBXShellScriptBuildPhase;
			buildActionMask = 2147483647;
			files = (
			);
			inputPaths = (
				"${PODS_PODFILE_DIR_PATH}/Podfile.lock",
				"${PODS_ROOT}/Manifest.lock",
			);
			name = "[CP] Check Pods Manifest.lock";
			outputPaths = (
				"$(DERIVED_FILE_DIR)/Pods-Artable-checkManifestLockResult.txt",
			);
			runOnlyForDeploymentPostprocessing = 0;
			shellPath = /bin/sh;
			shellScript = "diff \"${PODS_PODFILE_DIR_PATH}/Podfile.lock\" \"${PODS_ROOT}/Manifest.lock\" > /dev/null\nif [ $? != 0 ] ; then\n    # print error to STDERR\n    echo \"error: The sandbox is not in sync with the Podfile.lock. Run 'pod install' or update your CocoaPods installation.\" >&2\n    exit 1\nfi\n# This output is used by Xcode 'outputs' to avoid re-running this script phase.\necho \"SUCCESS\" > \"${SCRIPT_OUTPUT_FILE_0}\"\n";
			showEnvVarsInLog = 0;
		};
/* End PBXShellScriptBuildPhase section */

/* Begin PBXSourcesBuildPhase section */
		366B74C324910D2900F2B026 /* Sources */ = {
			isa = PBXSourcesBuildPhase;
			buildActionMask = 2147483647;
			files = (
				363306A524B87969008614C0 /* CheckoutVC.swift in Sources */,
				36623714249A217C005C6459 /* Firebase+Utils.swift in Sources */,
				363306A824B883DF008614C0 /* CartItemCell.swift in Sources */,
				366B74CF24910D2900F2B026 /* HomeVC.swift in Sources */,
				36437F7A24B1DF2C0087FF0C /* UserService.swift in Sources */,
				36576769249243B500C78A8F /* Extensions.swift in Sources */,
				366B74CB24910D2900F2B026 /* AppDelegate.swift in Sources */,
				36576763249237B500C78A8F /* LoginVC.swift in Sources */,
				3626F77E249A628700365252 /* ProductsVC.swift in Sources */,
				361F6EFC24937DE3006DA29E /* RoundedViews.swift in Sources */,
				3684408F24AF7AB400B1023A /* User.swift in Sources */,
				36D9332B249910ED0082C420 /* ForgotPasswordVC.swift in Sources */,
				3657676B2492796900C78A8F /* Constants.swift in Sources */,
				366B74CD24910D2900F2B026 /* SceneDelegate.swift in Sources */,
				36576765249237CF00C78A8F /* RegisterVC.swift in Sources */,
				36623717249A333C005C6459 /* Category.swift in Sources */,
				366508A824A0AD7E005E7869 /* ProductCell.swift in Sources */,
				3667CAF124A4B38200D2630C /* ProductDetailVC.swift in Sources */,
				363306AC24B88B20008614C0 /* StripeCart.swift in Sources */,
				3662371B249A35AB005C6459 /* CategoryCell.swift in Sources */,
				3626F781249A63F800365252 /* Product.swift in Sources */,
				3695620E24BDAD12008594BB /* StripeAPI.swift in Sources */,
			);
			runOnlyForDeploymentPostprocessing = 0;
		};
		366B74DE24910D7D00F2B026 /* Sources */ = {
			isa = PBXSourcesBuildPhase;
			buildActionMask = 2147483647;
			files = (
				36623715249A23E3005C6459 /* Firebase+Utils.swift in Sources */,
				3660389F24AB4E2200D1060D /* AdminProductsVC.swift in Sources */,
				3659EB2724A9F591007CBC20 /* RoundedViews.swift in Sources */,
				36E6DF6824A9F3AB00067878 /* HomeVC.swift in Sources */,
				3626F782249A63F800365252 /* Product.swift in Sources */,
				36623718249A3344005C6459 /* Category.swift in Sources */,
				366038A124AB543E00D1060D /* AddEditProductsVC.swift in Sources */,
				366B74E924910D7D00F2B026 /* AdminHomeVC.swift in Sources */,
				366B74E524910D7D00F2B026 /* AppDelegate.swift in Sources */,
				3659EB2E24A9FCBD007CBC20 /* AddEditCategoryVC.swift in Sources */,
				3626F77F249A62B500365252 /* ProductsVC.swift in Sources */,
				3659EB2924A9F83F007CBC20 /* Extensions.swift in Sources */,
				366508A924A0AD7E005E7869 /* ProductCell.swift in Sources */,
				366B74E724910D7D00F2B026 /* SceneDelegate.swift in Sources */,
				363306AA24B883E9008614C0 /* CartItemCell.swift in Sources */,
				3662371C249A35AB005C6459 /* CategoryCell.swift in Sources */,
				3659EB2824A9F5BF007CBC20 /* Constants.swift in Sources */,
				3659EB2A24A9F871007CBC20 /* ProductDetailVC.swift in Sources */,
			);
			runOnlyForDeploymentPostprocessing = 0;
		};
/* End PBXSourcesBuildPhase section */

/* Begin PBXVariantGroup section */
		366B74D024910D2900F2B026 /* Main.storyboard */ = {
			isa = PBXVariantGroup;
			children = (
				366B74D124910D2900F2B026 /* Base */,
			);
			name = Main.storyboard;
			sourceTree = "<group>";
		};
		366B74D524910D2A00F2B026 /* LaunchScreen.storyboard */ = {
			isa = PBXVariantGroup;
			children = (
				366B74D624910D2A00F2B026 /* Base */,
			);
			name = LaunchScreen.storyboard;
			sourceTree = "<group>";
		};
		366B74EA24910D7D00F2B026 /* Main.storyboard */ = {
			isa = PBXVariantGroup;
			children = (
				366B74EB24910D7D00F2B026 /* Base */,
			);
			name = Main.storyboard;
			sourceTree = "<group>";
		};
		366B74EF24910D7E00F2B026 /* LaunchScreen.storyboard */ = {
			isa = PBXVariantGroup;
			children = (
				366B74F024910D7E00F2B026 /* Base */,
			);
			name = LaunchScreen.storyboard;
			sourceTree = "<group>";
		};
/* End PBXVariantGroup section */

/* Begin XCBuildConfiguration section */
		366B74D924910D2A00F2B026 /* Debug */ = {
			isa = XCBuildConfiguration;
			buildSettings = {
				ALWAYS_SEARCH_USER_PATHS = NO;
				CLANG_ANALYZER_NONNULL = YES;
				CLANG_ANALYZER_NUMBER_OBJECT_CONVERSION = YES_AGGRESSIVE;
				CLANG_CXX_LANGUAGE_STANDARD = "gnu++14";
				CLANG_CXX_LIBRARY = "libc++";
				CLANG_ENABLE_MODULES = YES;
				CLANG_ENABLE_OBJC_ARC = YES;
				CLANG_ENABLE_OBJC_WEAK = YES;
				CLANG_WARN_BLOCK_CAPTURE_AUTORELEASING = YES;
				CLANG_WARN_BOOL_CONVERSION = YES;
				CLANG_WARN_COMMA = YES;
				CLANG_WARN_CONSTANT_CONVERSION = YES;
				CLANG_WARN_DEPRECATED_OBJC_IMPLEMENTATIONS = YES;
				CLANG_WARN_DIRECT_OBJC_ISA_USAGE = YES_ERROR;
				CLANG_WARN_DOCUMENTATION_COMMENTS = YES;
				CLANG_WARN_EMPTY_BODY = YES;
				CLANG_WARN_ENUM_CONVERSION = YES;
				CLANG_WARN_INFINITE_RECURSION = YES;
				CLANG_WARN_INT_CONVERSION = YES;
				CLANG_WARN_NON_LITERAL_NULL_CONVERSION = YES;
				CLANG_WARN_OBJC_IMPLICIT_RETAIN_SELF = YES;
				CLANG_WARN_OBJC_LITERAL_CONVERSION = YES;
				CLANG_WARN_OBJC_ROOT_CLASS = YES_ERROR;
				CLANG_WARN_RANGE_LOOP_ANALYSIS = YES;
				CLANG_WARN_STRICT_PROTOTYPES = YES;
				CLANG_WARN_SUSPICIOUS_MOVE = YES;
				CLANG_WARN_UNGUARDED_AVAILABILITY = YES_AGGRESSIVE;
				CLANG_WARN_UNREACHABLE_CODE = YES;
				CLANG_WARN__DUPLICATE_METHOD_MATCH = YES;
				COPY_PHASE_STRIP = NO;
				DEBUG_INFORMATION_FORMAT = dwarf;
				ENABLE_STRICT_OBJC_MSGSEND = YES;
				ENABLE_TESTABILITY = YES;
				GCC_C_LANGUAGE_STANDARD = gnu11;
				GCC_DYNAMIC_NO_PIC = NO;
				GCC_NO_COMMON_BLOCKS = YES;
				GCC_OPTIMIZATION_LEVEL = 0;
				GCC_PREPROCESSOR_DEFINITIONS = (
					"DEBUG=1",
					"$(inherited)",
				);
				GCC_WARN_64_TO_32_BIT_CONVERSION = YES;
				GCC_WARN_ABOUT_RETURN_TYPE = YES_ERROR;
				GCC_WARN_UNDECLARED_SELECTOR = YES;
				GCC_WARN_UNINITIALIZED_AUTOS = YES_AGGRESSIVE;
				GCC_WARN_UNUSED_FUNCTION = YES;
				GCC_WARN_UNUSED_VARIABLE = YES;
				IPHONEOS_DEPLOYMENT_TARGET = 13.5;
				MTL_ENABLE_DEBUG_INFO = INCLUDE_SOURCE;
				MTL_FAST_MATH = YES;
				ONLY_ACTIVE_ARCH = YES;
				SDKROOT = iphoneos;
				SWIFT_ACTIVE_COMPILATION_CONDITIONS = DEBUG;
				SWIFT_OPTIMIZATION_LEVEL = "-Onone";
			};
			name = Debug;
		};
		366B74DA24910D2A00F2B026 /* Release */ = {
			isa = XCBuildConfiguration;
			buildSettings = {
				ALWAYS_SEARCH_USER_PATHS = NO;
				CLANG_ANALYZER_NONNULL = YES;
				CLANG_ANALYZER_NUMBER_OBJECT_CONVERSION = YES_AGGRESSIVE;
				CLANG_CXX_LANGUAGE_STANDARD = "gnu++14";
				CLANG_CXX_LIBRARY = "libc++";
				CLANG_ENABLE_MODULES = YES;
				CLANG_ENABLE_OBJC_ARC = YES;
				CLANG_ENABLE_OBJC_WEAK = YES;
				CLANG_WARN_BLOCK_CAPTURE_AUTORELEASING = YES;
				CLANG_WARN_BOOL_CONVERSION = YES;
				CLANG_WARN_COMMA = YES;
				CLANG_WARN_CONSTANT_CONVERSION = YES;
				CLANG_WARN_DEPRECATED_OBJC_IMPLEMENTATIONS = YES;
				CLANG_WARN_DIRECT_OBJC_ISA_USAGE = YES_ERROR;
				CLANG_WARN_DOCUMENTATION_COMMENTS = YES;
				CLANG_WARN_EMPTY_BODY = YES;
				CLANG_WARN_ENUM_CONVERSION = YES;
				CLANG_WARN_INFINITE_RECURSION = YES;
				CLANG_WARN_INT_CONVERSION = YES;
				CLANG_WARN_NON_LITERAL_NULL_CONVERSION = YES;
				CLANG_WARN_OBJC_IMPLICIT_RETAIN_SELF = YES;
				CLANG_WARN_OBJC_LITERAL_CONVERSION = YES;
				CLANG_WARN_OBJC_ROOT_CLASS = YES_ERROR;
				CLANG_WARN_RANGE_LOOP_ANALYSIS = YES;
				CLANG_WARN_STRICT_PROTOTYPES = YES;
				CLANG_WARN_SUSPICIOUS_MOVE = YES;
				CLANG_WARN_UNGUARDED_AVAILABILITY = YES_AGGRESSIVE;
				CLANG_WARN_UNREACHABLE_CODE = YES;
				CLANG_WARN__DUPLICATE_METHOD_MATCH = YES;
				COPY_PHASE_STRIP = NO;
				DEBUG_INFORMATION_FORMAT = "dwarf-with-dsym";
				ENABLE_NS_ASSERTIONS = NO;
				ENABLE_STRICT_OBJC_MSGSEND = YES;
				GCC_C_LANGUAGE_STANDARD = gnu11;
				GCC_NO_COMMON_BLOCKS = YES;
				GCC_WARN_64_TO_32_BIT_CONVERSION = YES;
				GCC_WARN_ABOUT_RETURN_TYPE = YES_ERROR;
				GCC_WARN_UNDECLARED_SELECTOR = YES;
				GCC_WARN_UNINITIALIZED_AUTOS = YES_AGGRESSIVE;
				GCC_WARN_UNUSED_FUNCTION = YES;
				GCC_WARN_UNUSED_VARIABLE = YES;
				IPHONEOS_DEPLOYMENT_TARGET = 13.5;
				MTL_ENABLE_DEBUG_INFO = NO;
				MTL_FAST_MATH = YES;
				SDKROOT = iphoneos;
				SWIFT_COMPILATION_MODE = wholemodule;
				SWIFT_OPTIMIZATION_LEVEL = "-O";
				VALIDATE_PRODUCT = YES;
			};
			name = Release;
		};
		366B74DC24910D2A00F2B026 /* Debug */ = {
			isa = XCBuildConfiguration;
			baseConfigurationReference = 2539C5356D71257689BFB727 /* Pods-Artable.debug.xcconfig */;
			buildSettings = {
				ASSETCATALOG_COMPILER_APPICON_NAME = AppIcon;
				CODE_SIGN_STYLE = Automatic;
				DEVELOPMENT_TEAM = 347CFEP3N9;
				INFOPLIST_FILE = Artable/Info.plist;
				IPHONEOS_DEPLOYMENT_TARGET = 13.4;
				LD_RUNPATH_SEARCH_PATHS = (
					"$(inherited)",
					"@executable_path/Frameworks",
				);
				PRODUCT_BUNDLE_IDENTIFIER = com.cristian.Artable;
				PRODUCT_NAME = "$(TARGET_NAME)";
				SWIFT_VERSION = 5.0;
				TARGETED_DEVICE_FAMILY = 1;
			};
			name = Debug;
		};
		366B74DD24910D2A00F2B026 /* Release */ = {
			isa = XCBuildConfiguration;
			baseConfigurationReference = ADB255E38D419BA0F8A14111 /* Pods-Artable.release.xcconfig */;
			buildSettings = {
				ASSETCATALOG_COMPILER_APPICON_NAME = AppIcon;
				CODE_SIGN_STYLE = Automatic;
				DEVELOPMENT_TEAM = 347CFEP3N9;
				INFOPLIST_FILE = Artable/Info.plist;
				IPHONEOS_DEPLOYMENT_TARGET = 13.4;
				LD_RUNPATH_SEARCH_PATHS = (
					"$(inherited)",
					"@executable_path/Frameworks",
				);
				PRODUCT_BUNDLE_IDENTIFIER = com.cristian.Artable;
				PRODUCT_NAME = "$(TARGET_NAME)";
				SWIFT_VERSION = 5.0;
				TARGETED_DEVICE_FAMILY = 1;
			};
			name = Release;
		};
		366B74F424910D7E00F2B026 /* Debug */ = {
			isa = XCBuildConfiguration;
			baseConfigurationReference = 9928E38BF0500CA62869203E /* Pods-ArtableAdmin.debug.xcconfig */;
			buildSettings = {
				ASSETCATALOG_COMPILER_APPICON_NAME = AppIcon;
				CODE_SIGN_STYLE = Automatic;
				DEVELOPMENT_TEAM = 347CFEP3N9;
				INFOPLIST_FILE = ArtableAdmin/Info.plist;
				IPHONEOS_DEPLOYMENT_TARGET = 13.4;
				LD_RUNPATH_SEARCH_PATHS = (
					"$(inherited)",
					"@executable_path/Frameworks",
				);
				PRODUCT_BUNDLE_IDENTIFIER = com.cristian.ArtableAdmin;
				PRODUCT_NAME = "$(TARGET_NAME)";
				SWIFT_VERSION = 5.0;
				TARGETED_DEVICE_FAMILY = 1;
			};
			name = Debug;
		};
		366B74F524910D7E00F2B026 /* Release */ = {
			isa = XCBuildConfiguration;
			baseConfigurationReference = 5F22100A3D5695D6108A9FD2 /* Pods-ArtableAdmin.release.xcconfig */;
			buildSettings = {
				ASSETCATALOG_COMPILER_APPICON_NAME = AppIcon;
				CODE_SIGN_STYLE = Automatic;
				DEVELOPMENT_TEAM = 347CFEP3N9;
				INFOPLIST_FILE = ArtableAdmin/Info.plist;
				IPHONEOS_DEPLOYMENT_TARGET = 13.4;
				LD_RUNPATH_SEARCH_PATHS = (
					"$(inherited)",
					"@executable_path/Frameworks",
				);
				PRODUCT_BUNDLE_IDENTIFIER = com.cristian.ArtableAdmin;
				PRODUCT_NAME = "$(TARGET_NAME)";
				SWIFT_VERSION = 5.0;
				TARGETED_DEVICE_FAMILY = 1;
			};
			name = Release;
		};
/* End XCBuildConfiguration section */

/* Begin XCConfigurationList section */
		366B74C224910D2900F2B026 /* Build configuration list for PBXProject "Artable" */ = {
			isa = XCConfigurationList;
			buildConfigurations = (
				366B74D924910D2A00F2B026 /* Debug */,
				366B74DA24910D2A00F2B026 /* Release */,
			);
			defaultConfigurationIsVisible = 0;
			defaultConfigurationName = Release;
		};
		366B74DB24910D2A00F2B026 /* Build configuration list for PBXNativeTarget "Artable" */ = {
			isa = XCConfigurationList;
			buildConfigurations = (
				366B74DC24910D2A00F2B026 /* Debug */,
				366B74DD24910D2A00F2B026 /* Release */,
			);
			defaultConfigurationIsVisible = 0;
			defaultConfigurationName = Release;
		};
		366B74F324910D7E00F2B026 /* Build configuration list for PBXNativeTarget "ArtableAdmin" */ = {
			isa = XCConfigurationList;
			buildConfigurations = (
				366B74F424910D7E00F2B026 /* Debug */,
				366B74F524910D7E00F2B026 /* Release */,
			);
			defaultConfigurationIsVisible = 0;
			defaultConfigurationName = Release;
		};
/* End XCConfigurationList section */
	};
	rootObject = 366B74BF24910D2900F2B026 /* Project object */;
}
